
Microsoft Visual Studio Solution File, Format Version 12.00
# Visual Studio Version 16
VisualStudioVersion = 16.0.30413.136
MinimumVisualStudioVersion = 10.0.40219.1
Project("{FAE04EC0-301F-11D3-BF4B-00C04F79EFBC}") = "Hazard Detection", "Hazard Detection.csproj", "{927E2DE7-C9B1-40CA-BA60-43C2E1BB94AF}"
EndProject
Global
	GlobalSection(SolutionConfigurationPlatforms) = preSolution
		Debug|Any CPU = Debug|Any CPU
		Release|Any CPU = Release|Any CPU
	EndGlobalSection
	GlobalSection(ProjectConfigurationPlatforms) = postSolution
		{927E2DE7-C9B1-40CA-BA60-43C2E1BB94AF}.Debug|Any CPU.ActiveCfg = Debug|Any CPU
		{927E2DE7-C9B1-40CA-BA60-43C2E1BB94AF}.Debug|Any CPU.Build.0 = Debug|Any CPU
		{927E2DE7-C9B1-40CA-BA60-43C2E1BB94AF}.Release|Any CPU.ActiveCfg = Release|Any CPU
		{927E2DE7-C9B1-40CA-BA60-43C2E1BB94AF}.Release|Any CPU.Build.0 = Release|Any CPU
	EndGlobalSection
	GlobalSection(SolutionProperties) = preSolution
		HideSolutionNode = FALSE
	EndGlobalSection
	GlobalSection(ExtensibilityGlobals) = postSolution
		SolutionGuid = {CF79185C-D2A7-4101-8E4C-FEDD713823CA}
	EndGlobalSection
EndGlobal
